
Microsoft Visual Studio Solution File, Format Version 12.00
# Visual Studio Version 16
VisualStudioVersion = 16.0.30011.22
MinimumVisualStudioVersion = 10.0.40219.1
Project("{9A19103F-16F7-4668-BE54-9A1E7A4F7556}") = "LogicLayer", "LogicLayer\LogicLayer.csproj", "{70865C11-C8A8-4325-A1E9-231187D9E4A1}"
	ProjectSection(ProjectDependencies) = postProject
		{DCB30605-CAE0-43E5-A6CB-C742A2C773B1} = {DCB30605-CAE0-43E5-A6CB-C742A2C773B1}
	EndProjectSection
EndProject
Project("{9A19103F-16F7-4668-BE54-9A1E7A4F7556}") = "ModelLayer", "ModelLayer\ModelLayer.csproj", "{DCB30605-CAE0-43E5-A6CB-C742A2C773B1}"
EndProject
Project("{9A19103F-16F7-4668-BE54-9A1E7A4F7556}") = "DataLayer", "DataLayer\DataLayer.csproj", "{B657EA9F-DB07-4698-84B2-92BB97CA4EFE}"
EndProject
Project("{9A19103F-16F7-4668-BE54-9A1E7A4F7556}") = "FrontLayer.WPF", "FrontLayer.WPF\FrontLayer.WPF.csproj", "{089DE341-0AB8-4843-833B-53251D92E459}"
EndProject
Project("{2150E333-8FDC-42A3-9474-1A3956D46DE8}") = "Mobile", "Mobile", "{0DF71AB5-441D-4E10-8D15-CF6AA655F8BE}"
EndProject
Project("{FAE04EC0-301F-11D3-BF4B-00C04F79EFBC}") = "XamarinLayer.UWP", "XamarinLayer\XamarinLayer.UWP\XamarinLayer.UWP.csproj", "{DE30D567-D7DB-451E-ACD7-8C0D948295ED}"
EndProject
Project("{FAE04EC0-301F-11D3-BF4B-00C04F79EFBC}") = "XamarinLayer.Android", "XamarinLayer\XamarinLayer.Android\XamarinLayer.Android.csproj", "{AF1FB956-A97D-4EE9-A39A-734DC0716F51}"
EndProject
Project("{FAE04EC0-301F-11D3-BF4B-00C04F79EFBC}") = "XamarinLayer.iOS", "XamarinLayer\XamarinLayer.iOS\XamarinLayer.iOS.csproj", "{10BFBFF7-1213-4E70-9A00-27BBE9F34A68}"
EndProject
Project("{FAE04EC0-301F-11D3-BF4B-00C04F79EFBC}") = "XamarinLayer", "XamarinLayer\XamarinLayer\XamarinLayer.csproj", "{CF93F174-9A47-438F-836F-4E264998EC32}"
EndProject
Project("{9A19103F-16F7-4668-BE54-9A1E7A4F7556}") = "EffizienzControls", "EffizienzControls\EffizienzControls.csproj", "{E0844A7A-64F7-4B09-983A-C6FF95E0BFE4}"
EndProject
Project("{2150E333-8FDC-42A3-9474-1A3956D46DE8}") = ".Shared", ".Shared", "{C509A438-B9AC-48D3-AB42-1D1BC03A2697}"
	ProjectSection(SolutionItems) = preProject
		Directory.Build.props = Directory.Build.props
		Directory.Build.targets = Directory.Build.targets
		.Shared\Mathieu.editorconfig = .Shared\Mathieu.editorconfig
	EndProjectSection
EndProject
Global
	GlobalSection(SolutionConfigurationPlatforms) = preSolution
		Debug|Any CPU = Debug|Any CPU
		Debug|ARM = Debug|ARM
		Debug|iPhone = Debug|iPhone
		Debug|iPhoneSimulator = Debug|iPhoneSimulator
		Debug|x64 = Debug|x64
		Debug|x86 = Debug|x86
		Release|Any CPU = Release|Any CPU
		Release|ARM = Release|ARM
		Release|iPhone = Release|iPhone
		Release|iPhoneSimulator = Release|iPhoneSimulator
		Release|x64 = Release|x64
		Release|x86 = Release|x86
	EndGlobalSection
	GlobalSection(ProjectConfigurationPlatforms) = postSolution
		{70865C11-C8A8-4325-A1E9-231187D9E4A1}.Debug|Any CPU.ActiveCfg = Debug|Any CPU
		{70865C11-C8A8-4325-A1E9-231187D9E4A1}.Debug|Any CPU.Build.0 = Debug|Any CPU
		{70865C11-C8A8-4325-A1E9-231187D9E4A1}.Debug|ARM.ActiveCfg = Debug|Any CPU
		{70865C11-C8A8-4325-A1E9-231187D9E4A1}.Debug|ARM.Build.0 = Debug|Any CPU
		{70865C11-C8A8-4325-A1E9-231187D9E4A1}.Debug|iPhone.ActiveCfg = Debug|Any CPU
		{70865C11-C8A8-4325-A1E9-231187D9E4A1}.Debug|iPhone.Build.0 = Debug|Any CPU
		{70865C11-C8A8-4325-A1E9-231187D9E4A1}.Debug|iPhoneSimulator.ActiveCfg = Debug|Any CPU
		{70865C11-C8A8-4325-A1E9-231187D9E4A1}.Debug|iPhoneSimulator.Build.0 = Debug|Any CPU
		{70865C11-C8A8-4325-A1E9-231187D9E4A1}.Debug|x64.ActiveCfg = Debug|x64
		{70865C11-C8A8-4325-A1E9-231187D9E4A1}.Debug|x64.Build.0 = Debug|x64
		{70865C11-C8A8-4325-A1E9-231187D9E4A1}.Debug|x86.ActiveCfg = Debug|Any CPU
		{70865C11-C8A8-4325-A1E9-231187D9E4A1}.Debug|x86.Build.0 = Debug|Any CPU
		{70865C11-C8A8-4325-A1E9-231187D9E4A1}.Release|Any CPU.ActiveCfg = Release|Any CPU
		{70865C11-C8A8-4325-A1E9-231187D9E4A1}.Release|Any CPU.Build.0 = Release|Any CPU
		{70865C11-C8A8-4325-A1E9-231187D9E4A1}.Release|ARM.ActiveCfg = Release|Any CPU
		{70865C11-C8A8-4325-A1E9-231187D9E4A1}.Release|ARM.Build.0 = Release|Any CPU
		{70865C11-C8A8-4325-A1E9-231187D9E4A1}.Release|iPhone.ActiveCfg = Release|Any CPU
		{70865C11-C8A8-4325-A1E9-231187D9E4A1}.Release|iPhone.Build.0 = Release|Any CPU
		{70865C11-C8A8-4325-A1E9-231187D9E4A1}.Release|iPhoneSimulator.ActiveCfg = Release|Any CPU
		{70865C11-C8A8-4325-A1E9-231187D9E4A1}.Release|iPhoneSimulator.Build.0 = Release|Any CPU
		{70865C11-C8A8-4325-A1E9-231187D9E4A1}.Release|x64.ActiveCfg = Release|x64
		{70865C11-C8A8-4325-A1E9-231187D9E4A1}.Release|x64.Build.0 = Release|x64
		{70865C11-C8A8-4325-A1E9-231187D9E4A1}.Release|x86.ActiveCfg = Release|x86
		{70865C11-C8A8-4325-A1E9-231187D9E4A1}.Release|x86.Build.0 = Release|x86
		{DCB30605-CAE0-43E5-A6CB-C742A2C773B1}.Debug|Any CPU.ActiveCfg = Debug|Any CPU
		{DCB30605-CAE0-43E5-A6CB-C742A2C773B1}.Debug|Any CPU.Build.0 = Debug|Any CPU
		{DCB30605-CAE0-43E5-A6CB-C742A2C773B1}.Debug|ARM.ActiveCfg = Debug|Any CPU
		{DCB30605-CAE0-43E5-A6CB-C742A2C773B1}.Debug|ARM.Build.0 = Debug|Any CPU
		{DCB30605-CAE0-43E5-A6CB-C742A2C773B1}.Debug|iPhone.ActiveCfg = Debug|Any CPU
		{DCB30605-CAE0-43E5-A6CB-C742A2C773B1}.Debug|iPhone.Build.0 = Debug|Any CPU
		{DCB30605-CAE0-43E5-A6CB-C742A2C773B1}.Debug|iPhoneSimulator.ActiveCfg = Debug|Any CPU
		{DCB30605-CAE0-43E5-A6CB-C742A2C773B1}.Debug|iPhoneSimulator.Build.0 = Debug|Any CPU
		{DCB30605-CAE0-43E5-A6CB-C742A2C773B1}.Debug|x64.ActiveCfg = Debug|x64
		{DCB30605-CAE0-43E5-A6CB-C742A2C773B1}.Debug|x64.Build.0 = Debug|x64
		{DCB30605-CAE0-43E5-A6CB-C742A2C773B1}.Debug|x86.ActiveCfg = Debug|Any CPU
		{DCB30605-CAE0-43E5-A6CB-C742A2C773B1}.Debug|x86.Build.0 = Debug|Any CPU
		{DCB30605-CAE0-43E5-A6CB-C742A2C773B1}.Release|Any CPU.ActiveCfg = Release|Any CPU
		{DCB30605-CAE0-43E5-A6CB-C742A2C773B1}.Release|Any CPU.Build.0 = Release|Any CPU
		{DCB30605-CAE0-43E5-A6CB-C742A2C773B1}.Release|ARM.ActiveCfg = Release|Any CPU
		{DCB30605-CAE0-43E5-A6CB-C742A2C773B1}.Release|ARM.Build.0 = Release|Any CPU
		{DCB30605-CAE0-43E5-A6CB-C742A2C773B1}.Release|iPhone.ActiveCfg = Release|Any CPU
		{DCB30605-CAE0-43E5-A6CB-C742A2C773B1}.Release|iPhone.Build.0 = Release|Any CPU
		{DCB30605-CAE0-43E5-A6CB-C742A2C773B1}.Release|iPhoneSimulator.ActiveCfg = Release|Any CPU
		{DCB30605-CAE0-43E5-A6CB-C742A2C773B1}.Release|iPhoneSimulator.Build.0 = Release|Any CPU
		{DCB30605-CAE0-43E5-A6CB-C742A2C773B1}.Release|x64.ActiveCfg = Release|x64
		{DCB30605-CAE0-43E5-A6CB-C742A2C773B1}.Release|x64.Build.0 = Release|x64
		{DCB30605-CAE0-43E5-A6CB-C742A2C773B1}.Release|x86.ActiveCfg = Release|x86
		{DCB30605-CAE0-43E5-A6CB-C742A2C773B1}.Release|x86.Build.0 = Release|x86
		{B657EA9F-DB07-4698-84B2-92BB97CA4EFE}.Debug|Any CPU.ActiveCfg = Debug|Any CPU
		{B657EA9F-DB07-4698-84B2-92BB97CA4EFE}.Debug|Any CPU.Build.0 = Debug|Any CPU
		{B657EA9F-DB07-4698-84B2-92BB97CA4EFE}.Debug|ARM.ActiveCfg = Debug|Any CPU
		{B657EA9F-DB07-4698-84B2-92BB97CA4EFE}.Debug|ARM.Build.0 = Debug|Any CPU
		{B657EA9F-DB07-4698-84B2-92BB97CA4EFE}.Debug|iPhone.ActiveCfg = Debug|Any CPU
		{B657EA9F-DB07-4698-84B2-92BB97CA4EFE}.Debug|iPhone.Build.0 = Debug|Any CPU
		{B657EA9F-DB07-4698-84B2-92BB97CA4EFE}.Debug|iPhoneSimulator.ActiveCfg = Debug|Any CPU
		{B657EA9F-DB07-4698-84B2-92BB97CA4EFE}.Debug|iPhoneSimulator.Build.0 = Debug|Any CPU
		{B657EA9F-DB07-4698-84B2-92BB97CA4EFE}.Debug|x64.ActiveCfg = Debug|x64
		{B657EA9F-DB07-4698-84B2-92BB97CA4EFE}.Debug|x64.Build.0 = Debug|x64
		{B657EA9F-DB07-4698-84B2-92BB97CA4EFE}.Debug|x86.ActiveCfg = Debug|Any CPU
		{B657EA9F-DB07-4698-84B2-92BB97CA4EFE}.Debug|x86.Build.0 = Debug|Any CPU
		{B657EA9F-DB07-4698-84B2-92BB97CA4EFE}.Release|Any CPU.ActiveCfg = Release|Any CPU
		{B657EA9F-DB07-4698-84B2-92BB97CA4EFE}.Release|Any CPU.Build.0 = Release|Any CPU
		{B657EA9F-DB07-4698-84B2-92BB97CA4EFE}.Release|ARM.ActiveCfg = Release|Any CPU
		{B657EA9F-DB07-4698-84B2-92BB97CA4EFE}.Release|ARM.Build.0 = Release|Any CPU
		{B657EA9F-DB07-4698-84B2-92BB97CA4EFE}.Release|iPhone.ActiveCfg = Release|Any CPU
		{B657EA9F-DB07-4698-84B2-92BB97CA4EFE}.Release|iPhone.Build.0 = Release|Any CPU
		{B657EA9F-DB07-4698-84B2-92BB97CA4EFE}.Release|iPhoneSimulator.ActiveCfg = Release|Any CPU
		{B657EA9F-DB07-4698-84B2-92BB97CA4EFE}.Release|iPhoneSimulator.Build.0 = Release|Any CPU
		{B657EA9F-DB07-4698-84B2-92BB97CA4EFE}.Release|x64.ActiveCfg = Release|x64
		{B657EA9F-DB07-4698-84B2-92BB97CA4EFE}.Release|x64.Build.0 = Release|x64
		{B657EA9F-DB07-4698-84B2-92BB97CA4EFE}.Release|x86.ActiveCfg = Release|x86
		{B657EA9F-DB07-4698-84B2-92BB97CA4EFE}.Release|x86.Build.0 = Release|x86
		{089DE341-0AB8-4843-833B-53251D92E459}.Debug|Any CPU.ActiveCfg = Debug|Any CPU
		{089DE341-0AB8-4843-833B-53251D92E459}.Debug|Any CPU.Build.0 = Debug|Any CPU
		{089DE341-0AB8-4843-833B-53251D92E459}.Debug|ARM.ActiveCfg = Debug|Any CPU
		{089DE341-0AB8-4843-833B-53251D92E459}.Debug|ARM.Build.0 = Debug|Any CPU
		{089DE341-0AB8-4843-833B-53251D92E459}.Debug|iPhone.ActiveCfg = Debug|Any CPU
		{089DE341-0AB8-4843-833B-53251D92E459}.Debug|iPhone.Build.0 = Debug|Any CPU
		{089DE341-0AB8-4843-833B-53251D92E459}.Debug|iPhoneSimulator.ActiveCfg = Debug|Any CPU
		{089DE341-0AB8-4843-833B-53251D92E459}.Debug|iPhoneSimulator.Build.0 = Debug|Any CPU
		{089DE341-0AB8-4843-833B-53251D92E459}.Debug|x64.ActiveCfg = Debug|x64
		{089DE341-0AB8-4843-833B-53251D92E459}.Debug|x64.Build.0 = Debug|x64
		{089DE341-0AB8-4843-833B-53251D92E459}.Debug|x86.ActiveCfg = Debug|Any CPU
		{089DE341-0AB8-4843-833B-53251D92E459}.Debug|x86.Build.0 = Debug|Any CPU
		{089DE341-0AB8-4843-833B-53251D92E459}.Release|Any CPU.ActiveCfg = Release|Any CPU
		{089DE341-0AB8-4843-833B-53251D92E459}.Release|Any CPU.Build.0 = Release|Any CPU
		{089DE341-0AB8-4843-833B-53251D92E459}.Release|ARM.ActiveCfg = Release|Any CPU
		{089DE341-0AB8-4843-833B-53251D92E459}.Release|ARM.Build.0 = Release|Any CPU
		{089DE341-0AB8-4843-833B-53251D92E459}.Release|iPhone.ActiveCfg = Release|Any CPU
		{089DE341-0AB8-4843-833B-53251D92E459}.Release|iPhone.Build.0 = Release|Any CPU
		{089DE341-0AB8-4843-833B-53251D92E459}.Release|iPhoneSimulator.ActiveCfg = Release|Any CPU
		{089DE341-0AB8-4843-833B-53251D92E459}.Release|iPhoneSimulator.Build.0 = Release|Any CPU
		{089DE341-0AB8-4843-833B-53251D92E459}.Release|x64.ActiveCfg = Release|x64
		{089DE341-0AB8-4843-833B-53251D92E459}.Release|x64.Build.0 = Release|x64
		{089DE341-0AB8-4843-833B-53251D92E459}.Release|x86.ActiveCfg = Release|x86
		{089DE341-0AB8-4843-833B-53251D92E459}.Release|x86.Build.0 = Release|x86
		{DE30D567-D7DB-451E-ACD7-8C0D948295ED}.Debug|Any CPU.ActiveCfg = Debug|x86
		{DE30D567-D7DB-451E-ACD7-8C0D948295ED}.Debug|ARM.ActiveCfg = Debug|ARM
		{DE30D567-D7DB-451E-ACD7-8C0D948295ED}.Debug|ARM.Build.0 = Debug|ARM
		{DE30D567-D7DB-451E-ACD7-8C0D948295ED}.Debug|ARM.Deploy.0 = Debug|ARM
		{DE30D567-D7DB-451E-ACD7-8C0D948295ED}.Debug|iPhone.ActiveCfg = Debug|x86
		{DE30D567-D7DB-451E-ACD7-8C0D948295ED}.Debug|iPhoneSimulator.ActiveCfg = Debug|x86
		{DE30D567-D7DB-451E-ACD7-8C0D948295ED}.Debug|x64.ActiveCfg = Debug|x64
		{DE30D567-D7DB-451E-ACD7-8C0D948295ED}.Debug|x64.Build.0 = Debug|x64
		{DE30D567-D7DB-451E-ACD7-8C0D948295ED}.Debug|x64.Deploy.0 = Debug|x64
		{DE30D567-D7DB-451E-ACD7-8C0D948295ED}.Debug|x86.ActiveCfg = Debug|x86
		{DE30D567-D7DB-451E-ACD7-8C0D948295ED}.Debug|x86.Build.0 = Debug|x86
		{DE30D567-D7DB-451E-ACD7-8C0D948295ED}.Debug|x86.Deploy.0 = Debug|x86
		{DE30D567-D7DB-451E-ACD7-8C0D948295ED}.Release|Any CPU.ActiveCfg = Release|x86
		{DE30D567-D7DB-451E-ACD7-8C0D948295ED}.Release|ARM.ActiveCfg = Release|ARM
		{DE30D567-D7DB-451E-ACD7-8C0D948295ED}.Release|ARM.Build.0 = Release|ARM
		{DE30D567-D7DB-451E-ACD7-8C0D948295ED}.Release|ARM.Deploy.0 = Release|ARM
		{DE30D567-D7DB-451E-ACD7-8C0D948295ED}.Release|iPhone.ActiveCfg = Release|x86
		{DE30D567-D7DB-451E-ACD7-8C0D948295ED}.Release|iPhoneSimulator.ActiveCfg = Release|x86
		{DE30D567-D7DB-451E-ACD7-8C0D948295ED}.Release|x64.ActiveCfg = Release|x64
		{DE30D567-D7DB-451E-ACD7-8C0D948295ED}.Release|x64.Build.0 = Release|x64
		{DE30D567-D7DB-451E-ACD7-8C0D948295ED}.Release|x64.Deploy.0 = Release|x64
		{DE30D567-D7DB-451E-ACD7-8C0D948295ED}.Release|x86.ActiveCfg = Release|x86
		{DE30D567-D7DB-451E-ACD7-8C0D948295ED}.Release|x86.Build.0 = Release|x86
		{DE30D567-D7DB-451E-ACD7-8C0D948295ED}.Release|x86.Deploy.0 = Release|x86
		{AF1FB956-A97D-4EE9-A39A-734DC0716F51}.Debug|Any CPU.ActiveCfg = Debug|Any CPU
		{AF1FB956-A97D-4EE9-A39A-734DC0716F51}.Debug|Any CPU.Build.0 = Debug|Any CPU
		{AF1FB956-A97D-4EE9-A39A-734DC0716F51}.Debug|Any CPU.Deploy.0 = Debug|Any CPU
		{AF1FB956-A97D-4EE9-A39A-734DC0716F51}.Debug|ARM.ActiveCfg = Debug|Any CPU
		{AF1FB956-A97D-4EE9-A39A-734DC0716F51}.Debug|ARM.Build.0 = Debug|Any CPU
		{AF1FB956-A97D-4EE9-A39A-734DC0716F51}.Debug|ARM.Deploy.0 = Debug|Any CPU
		{AF1FB956-A97D-4EE9-A39A-734DC0716F51}.Debug|iPhone.ActiveCfg = Debug|Any CPU
		{AF1FB956-A97D-4EE9-A39A-734DC0716F51}.Debug|iPhone.Build.0 = Debug|Any CPU
		{AF1FB956-A97D-4EE9-A39A-734DC0716F51}.Debug|iPhone.Deploy.0 = Debug|Any CPU
		{AF1FB956-A97D-4EE9-A39A-734DC0716F51}.Debug|iPhoneSimulator.ActiveCfg = Debug|Any CPU
		{AF1FB956-A97D-4EE9-A39A-734DC0716F51}.Debug|iPhoneSimulator.Build.0 = Debug|Any CPU
		{AF1FB956-A97D-4EE9-A39A-734DC0716F51}.Debug|iPhoneSimulator.Deploy.0 = Debug|Any CPU
		{AF1FB956-A97D-4EE9-A39A-734DC0716F51}.Debug|x64.ActiveCfg = Debug|Any CPU
		{AF1FB956-A97D-4EE9-A39A-734DC0716F51}.Debug|x64.Build.0 = Debug|Any CPU
		{AF1FB956-A97D-4EE9-A39A-734DC0716F51}.Debug|x64.Deploy.0 = Debug|Any CPU
		{AF1FB956-A97D-4EE9-A39A-734DC0716F51}.Debug|x86.ActiveCfg = Debug|Any CPU
		{AF1FB956-A97D-4EE9-A39A-734DC0716F51}.Debug|x86.Build.0 = Debug|Any CPU
		{AF1FB956-A97D-4EE9-A39A-734DC0716F51}.Debug|x86.Deploy.0 = Debug|Any CPU
		{AF1FB956-A97D-4EE9-A39A-734DC0716F51}.Release|Any CPU.ActiveCfg = Release|Any CPU
		{AF1FB956-A97D-4EE9-A39A-734DC0716F51}.Release|Any CPU.Build.0 = Release|Any CPU
		{AF1FB956-A97D-4EE9-A39A-734DC0716F51}.Release|Any CPU.Deploy.0 = Release|Any CPU
		{AF1FB956-A97D-4EE9-A39A-734DC0716F51}.Release|ARM.ActiveCfg = Release|Any CPU
		{AF1FB956-A97D-4EE9-A39A-734DC0716F51}.Release|ARM.Build.0 = Release|Any CPU
		{AF1FB956-A97D-4EE9-A39A-734DC0716F51}.Release|ARM.Deploy.0 = Release|Any CPU
		{AF1FB956-A97D-4EE9-A39A-734DC0716F51}.Release|iPhone.ActiveCfg = Release|Any CPU
		{AF1FB956-A97D-4EE9-A39A-734DC0716F51}.Release|iPhone.Build.0 = Release|Any CPU
		{AF1FB956-A97D-4EE9-A39A-734DC0716F51}.Release|iPhone.Deploy.0 = Release|Any CPU
		{AF1FB956-A97D-4EE9-A39A-734DC0716F51}.Release|iPhoneSimulator.ActiveCfg = Release|Any CPU
		{AF1FB956-A97D-4EE9-A39A-734DC0716F51}.Release|iPhoneSimulator.Build.0 = Release|Any CPU
		{AF1FB956-A97D-4EE9-A39A-734DC0716F51}.Release|iPhoneSimulator.Deploy.0 = Release|Any CPU
		{AF1FB956-A97D-4EE9-A39A-734DC0716F51}.Release|x64.ActiveCfg = Release|Any CPU
		{AF1FB956-A97D-4EE9-A39A-734DC0716F51}.Release|x64.Build.0 = Release|Any CPU
		{AF1FB956-A97D-4EE9-A39A-734DC0716F51}.Release|x64.Deploy.0 = Release|Any CPU
		{AF1FB956-A97D-4EE9-A39A-734DC0716F51}.Release|x86.ActiveCfg = Release|Any CPU
		{AF1FB956-A97D-4EE9-A39A-734DC0716F51}.Release|x86.Build.0 = Release|Any CPU
		{AF1FB956-A97D-4EE9-A39A-734DC0716F51}.Release|x86.Deploy.0 = Release|Any CPU
		{10BFBFF7-1213-4E70-9A00-27BBE9F34A68}.Debug|Any CPU.ActiveCfg = Debug|iPhone
		{10BFBFF7-1213-4E70-9A00-27BBE9F34A68}.Debug|ARM.ActiveCfg = Debug|iPhone
		{10BFBFF7-1213-4E70-9A00-27BBE9F34A68}.Debug|iPhone.ActiveCfg = Debug|iPhone
		{10BFBFF7-1213-4E70-9A00-27BBE9F34A68}.Debug|iPhone.Build.0 = Debug|iPhone
		{10BFBFF7-1213-4E70-9A00-27BBE9F34A68}.Debug|iPhoneSimulator.ActiveCfg = Debug|iPhoneSimulator
		{10BFBFF7-1213-4E70-9A00-27BBE9F34A68}.Debug|iPhoneSimulator.Build.0 = Debug|iPhoneSimulator
		{10BFBFF7-1213-4E70-9A00-27BBE9F34A68}.Debug|x64.ActiveCfg = Debug|iPhone
		{10BFBFF7-1213-4E70-9A00-27BBE9F34A68}.Debug|x86.ActiveCfg = Debug|iPhone
		{10BFBFF7-1213-4E70-9A00-27BBE9F34A68}.Release|Any CPU.ActiveCfg = Release|iPhone
		{10BFBFF7-1213-4E70-9A00-27BBE9F34A68}.Release|ARM.ActiveCfg = Release|iPhone
		{10BFBFF7-1213-4E70-9A00-27BBE9F34A68}.Release|iPhone.ActiveCfg = Release|iPhone
		{10BFBFF7-1213-4E70-9A00-27BBE9F34A68}.Release|iPhone.Build.0 = Release|iPhone
		{10BFBFF7-1213-4E70-9A00-27BBE9F34A68}.Release|iPhoneSimulator.ActiveCfg = Release|iPhoneSimulator
		{10BFBFF7-1213-4E70-9A00-27BBE9F34A68}.Release|iPhoneSimulator.Build.0 = Release|iPhoneSimulator
		{10BFBFF7-1213-4E70-9A00-27BBE9F34A68}.Release|x64.ActiveCfg = Release|iPhone
		{10BFBFF7-1213-4E70-9A00-27BBE9F34A68}.Release|x86.ActiveCfg = Release|iPhone
		{CF93F174-9A47-438F-836F-4E264998EC32}.Debug|Any CPU.ActiveCfg = Debug|Any CPU
		{CF93F174-9A47-438F-836F-4E264998EC32}.Debug|Any CPU.Build.0 = Debug|Any CPU
		{CF93F174-9A47-438F-836F-4E264998EC32}.Debug|ARM.ActiveCfg = Debug|Any CPU
		{CF93F174-9A47-438F-836F-4E264998EC32}.Debug|ARM.Build.0 = Debug|Any CPU
		{CF93F174-9A47-438F-836F-4E264998EC32}.Debug|iPhone.ActiveCfg = Debug|Any CPU
		{CF93F174-9A47-438F-836F-4E264998EC32}.Debug|iPhone.Build.0 = Debug|Any CPU
		{CF93F174-9A47-438F-836F-4E264998EC32}.Debug|iPhoneSimulator.ActiveCfg = Debug|Any CPU
		{CF93F174-9A47-438F-836F-4E264998EC32}.Debug|iPhoneSimulator.Build.0 = Debug|Any CPU
		{CF93F174-9A47-438F-836F-4E264998EC32}.Debug|x64.ActiveCfg = Debug|Any CPU
		{CF93F174-9A47-438F-836F-4E264998EC32}.Debug|x64.Build.0 = Debug|Any CPU
		{CF93F174-9A47-438F-836F-4E264998EC32}.Debug|x86.ActiveCfg = Debug|Any CPU
		{CF93F174-9A47-438F-836F-4E264998EC32}.Debug|x86.Build.0 = Debug|Any CPU
		{CF93F174-9A47-438F-836F-4E264998EC32}.Release|Any CPU.ActiveCfg = Release|Any CPU
		{CF93F174-9A47-438F-836F-4E264998EC32}.Release|Any CPU.Build.0 = Release|Any CPU
		{CF93F174-9A47-438F-836F-4E264998EC32}.Release|ARM.ActiveCfg = Release|Any CPU
		{CF93F174-9A47-438F-836F-4E264998EC32}.Release|ARM.Build.0 = Release|Any CPU
		{CF93F174-9A47-438F-836F-4E264998EC32}.Release|iPhone.ActiveCfg = Release|Any CPU
		{CF93F174-9A47-438F-836F-4E264998EC32}.Release|iPhone.Build.0 = Release|Any CPU
		{CF93F174-9A47-438F-836F-4E264998EC32}.Release|iPhoneSimulator.ActiveCfg = Release|Any CPU
		{CF93F174-9A47-438F-836F-4E264998EC32}.Release|iPhoneSimulator.Build.0 = Release|Any CPU
		{CF93F174-9A47-438F-836F-4E264998EC32}.Release|x64.ActiveCfg = Release|Any CPU
		{CF93F174-9A47-438F-836F-4E264998EC32}.Release|x64.Build.0 = Release|Any CPU
		{CF93F174-9A47-438F-836F-4E264998EC32}.Release|x86.ActiveCfg = Release|Any CPU
		{CF93F174-9A47-438F-836F-4E264998EC32}.Release|x86.Build.0 = Release|Any CPU
		{E0844A7A-64F7-4B09-983A-C6FF95E0BFE4}.Debug|Any CPU.ActiveCfg = Debug|Any CPU
		{E0844A7A-64F7-4B09-983A-C6FF95E0BFE4}.Debug|Any CPU.Build.0 = Debug|Any CPU
		{E0844A7A-64F7-4B09-983A-C6FF95E0BFE4}.Debug|ARM.ActiveCfg = Debug|Any CPU
		{E0844A7A-64F7-4B09-983A-C6FF95E0BFE4}.Debug|ARM.Build.0 = Debug|Any CPU
		{E0844A7A-64F7-4B09-983A-C6FF95E0BFE4}.Debug|iPhone.ActiveCfg = Debug|Any CPU
		{E0844A7A-64F7-4B09-983A-C6FF95E0BFE4}.Debug|iPhone.Build.0 = Debug|Any CPU
		{E0844A7A-64F7-4B09-983A-C6FF95E0BFE4}.Debug|iPhoneSimulator.ActiveCfg = Debug|Any CPU
		{E0844A7A-64F7-4B09-983A-C6FF95E0BFE4}.Debug|iPhoneSimulator.Build.0 = Debug|Any CPU
		{E0844A7A-64F7-4B09-983A-C6FF95E0BFE4}.Debug|x64.ActiveCfg = Debug|x64
		{E0844A7A-64F7-4B09-983A-C6FF95E0BFE4}.Debug|x64.Build.0 = Debug|x64
		{E0844A7A-64F7-4B09-983A-C6FF95E0BFE4}.Debug|x86.ActiveCfg = Debug|Any CPU
		{E0844A7A-64F7-4B09-983A-C6FF95E0BFE4}.Debug|x86.Build.0 = Debug|Any CPU
		{E0844A7A-64F7-4B09-983A-C6FF95E0BFE4}.Release|Any CPU.ActiveCfg = Release|Any CPU
		{E0844A7A-64F7-4B09-983A-C6FF95E0BFE4}.Release|Any CPU.Build.0 = Release|Any CPU
		{E0844A7A-64F7-4B09-983A-C6FF95E0BFE4}.Release|ARM.ActiveCfg = Release|Any CPU
		{E0844A7A-64F7-4B09-983A-C6FF95E0BFE4}.Release|ARM.Build.0 = Release|Any CPU
		{E0844A7A-64F7-4B09-983A-C6FF95E0BFE4}.Release|iPhone.ActiveCfg = Release|Any CPU
		{E0844A7A-64F7-4B09-983A-C6FF95E0BFE4}.Release|iPhone.Build.0 = Release|Any CPU
		{E0844A7A-64F7-4B09-983A-C6FF95E0BFE4}.Release|iPhoneSimulator.ActiveCfg = Release|Any CPU
		{E0844A7A-64F7-4B09-983A-C6FF95E0BFE4}.Release|iPhoneSimulator.Build.0 = Release|Any CPU
		{E0844A7A-64F7-4B09-983A-C6FF95E0BFE4}.Release|x64.ActiveCfg = Release|x64
		{E0844A7A-64F7-4B09-983A-C6FF95E0BFE4}.Release|x64.Build.0 = Release|x64
		{E0844A7A-64F7-4B09-983A-C6FF95E0BFE4}.Release|x86.ActiveCfg = Release|x86
		{E0844A7A-64F7-4B09-983A-C6FF95E0BFE4}.Release|x86.Build.0 = Release|x86
	EndGlobalSection
	GlobalSection(SolutionProperties) = preSolution
		HideSolutionNode = FALSE
	EndGlobalSection
	GlobalSection(NestedProjects) = preSolution
		{DE30D567-D7DB-451E-ACD7-8C0D948295ED} = {0DF71AB5-441D-4E10-8D15-CF6AA655F8BE}
		{AF1FB956-A97D-4EE9-A39A-734DC0716F51} = {0DF71AB5-441D-4E10-8D15-CF6AA655F8BE}
		{10BFBFF7-1213-4E70-9A00-27BBE9F34A68} = {0DF71AB5-441D-4E10-8D15-CF6AA655F8BE}
		{CF93F174-9A47-438F-836F-4E264998EC32} = {0DF71AB5-441D-4E10-8D15-CF6AA655F8BE}
	EndGlobalSection
	GlobalSection(ExtensibilityGlobals) = postSolution
		SolutionGuid = {F39BAB98-1916-4D4F-8427-3D8C834B35F4}
	EndGlobalSection
EndGlobal
